PODS:
  - SDWebImage (4.0.0):
    - SDWebImage/Core (= 4.0.0)
  - SDWebImage/Core (4.0.0)
  - XZKit (2.0.0)

DEPENDENCIES:
  - SDWebImage
  - XZKit

SPEC CHECKSUMS:
  SDWebImage: 76a6348bdc74eb5a55dd08a091ef298e56b55e41
  XZKit: db8c7dc3e92589fa8cdd2a6623e78263bed328b8

PODFILE CHECKSUM: 3764d1946872c45aff0c73c5b7e1067bc75864e4

COCOAPODS: 1.2.1
